
Microsoft Visual Studio Solution File, Format Version 11.00
# Visual Studio 2010
Project("{2150E333-8FDC-42A3-9474-1A3956D46DE8}") = "samples", "samples", "{C606FEBF-2EA2-4766-8CA9-9E6206036C05}"
EndProject
Project("{2150E333-8FDC-42A3-9474-1A3956D46DE8}") = "Solution Items", "Solution Items", "{F3B49A38-2FD3-40B3-850F-52B2A2916CAB}"
	ProjectSection(SolutionItems) = preProject
		build-common.build.xml = build-common.build.xml
		build-properties.build.xml = build-properties.build.xml
		history.txt = history.txt
		libvlcnet.build = libvlcnet.build
		remarks.txt = remarks.txt
	EndProjectSection
EndProject
Project("{FAE04EC0-301F-11D3-BF4B-00C04F79EFBC}") = "media-player", "media-player\media-player.csproj", "{AF48831A-8C67-499D-AAF8-A8441F3FBAAD}"
EndProject
Project("{FAE04EC0-301F-11D3-BF4B-00C04F79EFBC}") = "media-player-vlc", "media-player-vlc\media-player-vlc.csproj", "{5AF6C9FE-6B19-4C1D-BADE-35BFF33825B8}"
EndProject
Project("{FAE04EC0-301F-11D3-BF4B-00C04F79EFBC}") = "media-player-vlc-winforms", "media-player-vlc-winforms\media-player-vlc-winforms.csproj", "{9DDB7196-B081-4FC5-9857-6EBB998EF622}"
EndProject
Project("{FAE04EC0-301F-11D3-BF4B-00C04F79EFBC}") = "media-player-vlc-windows", "media-player-vlc-windows\media-player-vlc-windows.csproj", "{9CDA1031-EF87-4D13-A249-942E8C3E6C94}"
EndProject
Project("{FAE04EC0-301F-11D3-BF4B-00C04F79EFBC}") = "simple-player", "samples\simple-player\simple-player.csproj", "{1B6AD340-A09E-4E12-9446-3170EB112F0E}"
EndProject
Global
	GlobalSection(SolutionConfigurationPlatforms) = preSolution
		Debug|Any CPU = Debug|Any CPU
		Release|Any CPU = Release|Any CPU
	EndGlobalSection
	GlobalSection(ProjectConfigurationPlatforms) = postSolution
		{AF48831A-8C67-499D-AAF8-A8441F3FBAAD}.Debug|Any CPU.ActiveCfg = Debug|Any CPU
		{AF48831A-8C67-499D-AAF8-A8441F3FBAAD}.Debug|Any CPU.Build.0 = Debug|Any CPU
		{AF48831A-8C67-499D-AAF8-A8441F3FBAAD}.Release|Any CPU.ActiveCfg = Release|Any CPU
		{AF48831A-8C67-499D-AAF8-A8441F3FBAAD}.Release|Any CPU.Build.0 = Release|Any CPU
		{5AF6C9FE-6B19-4C1D-BADE-35BFF33825B8}.Debug|Any CPU.ActiveCfg = Debug|Any CPU
		{5AF6C9FE-6B19-4C1D-BADE-35BFF33825B8}.Debug|Any CPU.Build.0 = Debug|Any CPU
		{5AF6C9FE-6B19-4C1D-BADE-35BFF33825B8}.Release|Any CPU.ActiveCfg = Release|Any CPU
		{5AF6C9FE-6B19-4C1D-BADE-35BFF33825B8}.Release|Any CPU.Build.0 = Release|Any CPU
		{9DDB7196-B081-4FC5-9857-6EBB998EF622}.Debug|Any CPU.ActiveCfg = Debug|Any CPU
		{9DDB7196-B081-4FC5-9857-6EBB998EF622}.Debug|Any CPU.Build.0 = Debug|Any CPU
		{9DDB7196-B081-4FC5-9857-6EBB998EF622}.Release|Any CPU.ActiveCfg = Release|Any CPU
		{9DDB7196-B081-4FC5-9857-6EBB998EF622}.Release|Any CPU.Build.0 = Release|Any CPU
		{9CDA1031-EF87-4D13-A249-942E8C3E6C94}.Debug|Any CPU.ActiveCfg = Debug|Any CPU
		{9CDA1031-EF87-4D13-A249-942E8C3E6C94}.Debug|Any CPU.Build.0 = Debug|Any CPU
		{9CDA1031-EF87-4D13-A249-942E8C3E6C94}.Release|Any CPU.ActiveCfg = Release|Any CPU
		{9CDA1031-EF87-4D13-A249-942E8C3E6C94}.Release|Any CPU.Build.0 = Release|Any CPU
		{1B6AD340-A09E-4E12-9446-3170EB112F0E}.Debug|Any CPU.ActiveCfg = Debug|Any CPU
		{1B6AD340-A09E-4E12-9446-3170EB112F0E}.Debug|Any CPU.Build.0 = Debug|Any CPU
		{1B6AD340-A09E-4E12-9446-3170EB112F0E}.Release|Any CPU.ActiveCfg = Release|Any CPU
		{1B6AD340-A09E-4E12-9446-3170EB112F0E}.Release|Any CPU.Build.0 = Release|Any CPU
	EndGlobalSection
	GlobalSection(SolutionProperties) = preSolution
		HideSolutionNode = FALSE
	EndGlobalSection
	GlobalSection(NestedProjects) = preSolution
		{1B6AD340-A09E-4E12-9446-3170EB112F0E} = {C606FEBF-2EA2-4766-8CA9-9E6206036C05}
	EndGlobalSection
EndGlobal
