<?xml version="1.0" encoding="utf-8"?>
<Project ToolsVersion="4.0" xmlns="http://schemas.microsoft.com/developer/msbuild/2003">
  <ItemGroup>
    <Filter Include="inc">
      <UniqueIdentifier>{6a305651-603c-478f-bf4b-acb5be55f6e1}</UniqueIdentifier>
    </Filter>
    <Filter Include="src">
      <UniqueIdentifier>{2e7bccf9-184b-4c02-a03e-751144fc8c12}</UniqueIdentifier>
    </Filter>
    <Filter Include="libinc">
      <UniqueIdentifier>{154af750-c946-4002-81d2-33caed928e2a}</UniqueIdentifier>
    </Filter>
  </ItemGroup>
  <ItemGroup>
    <ClCompile Include="src\libapi.cpp">
      <Filter>src</Filter>
    </ClCompile>
    <ClCompile Include="src\OnvifInstance.cpp">
      <Filter>src</Filter>
    </ClCompile>
    <ClCompile Include="src\Live555.cpp">
      <Filter>src</Filter>
    </ClCompile>
    <ClCompile Include="src\MetaSink.cpp">
      <Filter>src</Filter>
    </ClCompile>
    <ClCompile Include="src\VirtualSink.cpp">
      <Filter>src</Filter>
    </ClCompile>
    <ClCompile Include="src\VideoSink.cpp">
      <Filter>src</Filter>
    </ClCompile>
    <ClCompile Include="src\TSWriter.cpp">
      <Filter>src</Filter>
    </ClCompile>
  </ItemGroup>
  <ItemGroup>
    <ClInclude Include="inc\libapi.h">
      <Filter>libinc</Filter>
    </ClInclude>
    <ClInclude Include="src\OnvifInstance.h">
      <Filter>inc</Filter>
    </ClInclude>
    <ClInclude Include="src\Live555.h">
      <Filter>inc</Filter>
    </ClInclude>
    <ClInclude Include="src\MetaSink.h">
      <Filter>inc</Filter>
    </ClInclude>
    <ClInclude Include="src\VirtualSink.h">
      <Filter>inc</Filter>
    </ClInclude>
    <ClInclude Include="src\VideoSink.h">
      <Filter>inc</Filter>
    </ClInclude>
    <ClInclude Include="src\ValueSaver.h">
      <Filter>inc</Filter>
    </ClInclude>
    <ClInclude Include="src\TSWriter.h">
      <Filter>inc</Filter>
    </ClInclude>
  </ItemGroup>
</Project>